// !$*UTF8*$!
{
	archiveVersion = 1;
	classes = {
	};
	objectVersion = 45;
	objects = {

/* Begin PBXBuildFile section */
		8DD76FB00486AB0100D96B5E /* FirmwareRefactorPrep.1 in CopyFiles */ = {isa = PBXBuildFile; fileRef = C6A0FF2C0290799A04C91782 /* FirmwareRefactorPrep.1 */; };
		DE1526BE0E82219400EBBB94 /* Collections.cpp in Sources */ = {isa = PBXBuildFile; fileRef = DE1526B90E82219400EBBB94 /* Collections.cpp */; };
		DE1526C00E82219400EBBB94 /* EventLoop.cpp in Sources */ = {isa = PBXBuildFile; fileRef = DE1526BD0E82219400EBBB94 /* EventLoop.cpp */; };
		DE7069520F925BA0007572B9 /* wiringEmulator.cpp in Sources */ = {isa = PBXBuildFile; fileRef = DE7069500F925BA0007572B9 /* wiringEmulator.cpp */; };
		DE70695B0F925C37007572B9 /* main.cpp in Sources */ = {isa = PBXBuildFile; fileRef = DE70695A0F925C37007572B9 /* main.cpp */; };
		DE7069710F925CAD007572B9 /* CartesianDevice.cpp in Sources */ = {isa = PBXBuildFile; fileRef = DE70695D0F925CAD007572B9 /* CartesianDevice.cpp */; };
		DE7069720F925CAD007572B9 /* Device.cpp in Sources */ = {isa = PBXBuildFile; fileRef = DE7069600F925CAD007572B9 /* Device.cpp */; };
		DE7069730F925CAD007572B9 /* ExtruderDevice.cpp in Sources */ = {isa = PBXBuildFile; fileRef = DE7069620F925CAD007572B9 /* ExtruderDevice.cpp */; };
		DE7069740F925CAD007572B9 /* GCodeBehavior.cpp in Sources */ = {isa = PBXBuildFile; fileRef = DE7069640F925CAD007572B9 /* GCodeBehavior.cpp */; };
		DE7069750F925CAD007572B9 /* HeaterDevice.cpp in Sources */ = {isa = PBXBuildFile; fileRef = DE7069670F925CAD007572B9 /* HeaterDevice.cpp */; };
		DE7069760F925CAD007572B9 /* LinearActuator.cpp in Sources */ = {isa = PBXBuildFile; fileRef = DE7069690F925CAD007572B9 /* LinearActuator.cpp */; };
		DE7069770F925CAD007572B9 /* OpticalInterrupt.cpp in Sources */ = {isa = PBXBuildFile; fileRef = DE70696B0F925CAD007572B9 /* OpticalInterrupt.cpp */; };
		DE7069780F925CAD007572B9 /* StepperDevice.cpp in Sources */ = {isa = PBXBuildFile; fileRef = DE70696D0F925CAD007572B9 /* StepperDevice.cpp */; };
		DE7069790F925CAD007572B9 /* ThermisterDevice.cpp in Sources */ = {isa = PBXBuildFile; fileRef = DE70696F0F925CAD007572B9 /* ThermisterDevice.cpp */; };
		DEA4F7110EAA594900AE4546 /* Observable.cpp in Sources */ = {isa = PBXBuildFile; fileRef = DEA4F7100EAA594900AE4546 /* Observable.cpp */; };
/* End PBXBuildFile section */

/* Begin PBXCopyFilesBuildPhase section */
		8DD76FAF0486AB0100D96B5E /* CopyFiles */ = {
			isa = PBXCopyFilesBuildPhase;
			buildActionMask = 8;
			dstPath = /usr/share/man/man1/;
			dstSubfolderSpec = 0;
			files = (
				8DD76FB00486AB0100D96B5E /* FirmwareRefactorPrep.1 in CopyFiles */,
			);
			runOnlyForDeploymentPostprocessing = 1;
		};
/* End PBXCopyFilesBuildPhase section */

/* Begin PBXFileReference section */
		8DD76FB20486AB0100D96B5E /* FirmwareRefactorPrep */ = {isa = PBXFileReference; explicitFileType = "compiled.mach-o.executable"; includeInIndex = 0; path = FirmwareRefactorPrep; sourceTree = BUILT_PRODUCTS_DIR; };
		C6A0FF2C0290799A04C91782 /* FirmwareRefactorPrep.1 */ = {isa = PBXFileReference; lastKnownFileType = text.man; path = FirmwareRefactorPrep.1; sourceTree = "<group>"; };
		DE1526B90E82219400EBBB94 /* Collections.cpp */ = {isa = PBXFileReference; fileEncoding = 4; lastKnownFileType = sourcecode.cpp.cpp; path = Collections.cpp; sourceTree = "<group>"; };
		DE1526BA0E82219400EBBB94 /* Collections.h */ = {isa = PBXFileReference; fileEncoding = 4; lastKnownFileType = sourcecode.c.h; path = Collections.h; sourceTree = "<group>"; };
		DE1526BC0E82219400EBBB94 /* EventLoop.h */ = {isa = PBXFileReference; fileEncoding = 4; lastKnownFileType = sourcecode.c.h; path = EventLoop.h; sourceTree = "<group>"; };
		DE1526BD0E82219400EBBB94 /* EventLoop.cpp */ = {isa = PBXFileReference; fileEncoding = 4; lastKnownFileType = sourcecode.cpp.cpp; path = EventLoop.cpp; sourceTree = "<group>"; };
		DE7069500F925BA0007572B9 /* wiringEmulator.cpp */ = {isa = PBXFileReference; fileEncoding = 4; lastKnownFileType = sourcecode.cpp.cpp; name = wiringEmulator.cpp; path = emulator/wiringEmulator.cpp; sourceTree = "<group>"; };
		DE7069510F925BA0007572B9 /* WProgram.h */ = {isa = PBXFileReference; fileEncoding = 4; lastKnownFileType = sourcecode.c.h; name = WProgram.h; path = emulator/WProgram.h; sourceTree = "<group>"; };
		DE70695A0F925C37007572B9 /* main.cpp */ = {isa = PBXFileReference; fileEncoding = 4; lastKnownFileType = sourcecode.cpp.cpp; name = main.cpp; path = emulator/main.cpp; sourceTree = "<group>"; };
		DE70695D0F925CAD007572B9 /* CartesianDevice.cpp */ = {isa = PBXFileReference; fileEncoding = 4; lastKnownFileType = sourcecode.cpp.cpp; path = CartesianDevice.cpp; sourceTree = "<group>"; };
		DE70695E0F925CAD007572B9 /* CartesianDevice.h */ = {isa = PBXFileReference; fileEncoding = 4; lastKnownFileType = sourcecode.c.h; path = CartesianDevice.h; sourceTree = "<group>"; };
		DE70695F0F925CAD007572B9 /* Constants.h */ = {isa = PBXFileReference; fileEncoding = 4; lastKnownFileType = sourcecode.c.h; path = Constants.h; sourceTree = "<group>"; };
		DE7069600F925CAD007572B9 /* Device.cpp */ = {isa = PBXFileReference; fileEncoding = 4; lastKnownFileType = sourcecode.cpp.cpp; path = Device.cpp; sourceTree = "<group>"; };
		DE7069610F925CAD007572B9 /* Device.h */ = {isa = PBXFileReference; fileEncoding = 4; lastKnownFileType = sourcecode.c.h; path = Device.h; sourceTree = "<group>"; };
		DE7069620F925CAD007572B9 /* ExtruderDevice.cpp */ = {isa = PBXFileReference; fileEncoding = 4; lastKnownFileType = sourcecode.cpp.cpp; path = ExtruderDevice.cpp; sourceTree = "<group>"; };
		DE7069630F925CAD007572B9 /* ExtruderDevice.h */ = {isa = PBXFileReference; fileEncoding = 4; lastKnownFileType = sourcecode.c.h; path = ExtruderDevice.h; sourceTree = "<group>"; };
		DE7069640F925CAD007572B9 /* GCodeBehavior.cpp */ = {isa = PBXFileReference; fileEncoding = 4; indentWidth = 4; lastKnownFileType = sourcecode.cpp.cpp; path = GCodeBehavior.cpp; sourceTree = "<group>"; tabWidth = 4; usesTabs = 0; };
		DE7069650F925CAD007572B9 /* GCodeBehavior.h */ = {isa = PBXFileReference; fileEncoding = 4; lastKnownFileType = sourcecode.c.h; path = GCodeBehavior.h; sourceTree = "<group>"; };
		DE7069660F925CAD007572B9 /* gpl-3.0.txt */ = {isa = PBXFileReference; fileEncoding = 4; lastKnownFileType = text; path = "gpl-3.0.txt"; sourceTree = "<group>"; };
		DE7069670F925CAD007572B9 /* HeaterDevice.cpp */ = {isa = PBXFileReference; fileEncoding = 4; lastKnownFileType = sourcecode.cpp.cpp; path = HeaterDevice.cpp; sourceTree = "<group>"; };
		DE7069680F925CAD007572B9 /* HeaterDevice.h */ = {isa = PBXFileReference; fileEncoding = 4; lastKnownFileType = sourcecode.c.h; path = HeaterDevice.h; sourceTree = "<group>"; };
		DE7069690F925CAD007572B9 /* LinearActuator.cpp */ = {isa = PBXFileReference; fileEncoding = 4; lastKnownFileType = sourcecode.cpp.cpp; path = LinearActuator.cpp; sourceTree = "<group>"; };
		DE70696A0F925CAD007572B9 /* LinearActuator.h */ = {isa = PBXFileReference; fileEncoding = 4; lastKnownFileType = sourcecode.c.h; path = LinearActuator.h; sourceTree = "<group>"; };
		DE70696B0F925CAD007572B9 /* OpticalInterrupt.cpp */ = {isa = PBXFileReference; fileEncoding = 4; lastKnownFileType = sourcecode.cpp.cpp; path = OpticalInterrupt.cpp; sourceTree = "<group>"; };
		DE70696C0F925CAD007572B9 /* OpticalInterrupt.h */ = {isa = PBXFileReference; fileEncoding = 4; lastKnownFileType = sourcecode.c.h; path = OpticalInterrupt.h; sourceTree = "<group>"; };
		DE70696D0F925CAD007572B9 /* StepperDevice.cpp */ = {isa = PBXFileReference; fileEncoding = 4; lastKnownFileType = sourcecode.cpp.cpp; path = StepperDevice.cpp; sourceTree = "<group>"; };
		DE70696E0F925CAD007572B9 /* StepperDevice.h */ = {isa = PBXFileReference; fileEncoding = 4; lastKnownFileType = sourcecode.c.h; path = StepperDevice.h; sourceTree = "<group>"; };
		DE70696F0F925CAD007572B9 /* ThermisterDevice.cpp */ = {isa = PBXFileReference; fileEncoding = 4; lastKnownFileType = sourcecode.cpp.cpp; path = ThermisterDevice.cpp; sourceTree = "<group>"; };
		DE7069700F925CAD007572B9 /* ThermisterDevice.h */ = {isa = PBXFileReference; fileEncoding = 4; lastKnownFileType = sourcecode.c.h; path = ThermisterDevice.h; sourceTree = "<group>"; };
		DE706A0A0F92F320007572B9 /* test.gcode */ = {isa = PBXFileReference; fileEncoding = 4; lastKnownFileType = text; path = test.gcode; sourceTree = "<group>"; };
		DE706B820F9314B3007572B9 /* main.pde */ = {isa = PBXFileReference; explicitFileType = sourcecode.cpp.cpp; fileEncoding = 4; path = main.pde; sourceTree = "<group>"; };
		DEA4F70F0EAA594900AE4546 /* Observable.h */ = {isa = PBXFileReference; fileEncoding = 4; lastKnownFileType = sourcecode.c.h; path = Observable.h; sourceTree = "<group>"; };
		DEA4F7100EAA594900AE4546 /* Observable.cpp */ = {isa = PBXFileReference; fileEncoding = 4; lastKnownFileType = sourcecode.cpp.cpp; path = Observable.cpp; sourceTree = "<group>"; };
/* End PBXFileReference section */

/* Begin PBXFrameworksBuildPhase section */
		8DD76FAD0486AB0100D96B5E /* Frameworks */ = {
			isa = PBXFrameworksBuildPhase;
			buildActionMask = 2147483647;
			files = (
			);
			runOnlyForDeploymentPostprocessing = 0;
		};
/* End PBXFrameworksBuildPhase section */

/* Begin PBXGroup section */
		08FB7794FE84155DC02AAC07 /* FirmwareRefactorPrep */ = {
			isa = PBXGroup;
			children = (
				08FB7795FE84155DC02AAC07 /* Source */,
				C6A0FF2B0290797F04C91782 /* Documentation */,
				1AB674ADFE9D54B511CA2CBB /* Products */,
			);
			name = FirmwareRefactorPrep;
			sourceTree = "<group>";
		};
		08FB7795FE84155DC02AAC07 /* Source */ = {
			isa = PBXGroup;
			children = (
				DE706B820F9314B3007572B9 /* main.pde */,
				DE706A0A0F92F320007572B9 /* test.gcode */,
				DE70695D0F925CAD007572B9 /* CartesianDevice.cpp */,
				DE70695E0F925CAD007572B9 /* CartesianDevice.h */,
				DE70695F0F925CAD007572B9 /* Constants.h */,
				DE7069600F925CAD007572B9 /* Device.cpp */,
				DE7069610F925CAD007572B9 /* Device.h */,
				DE7069620F925CAD007572B9 /* ExtruderDevice.cpp */,
				DE7069630F925CAD007572B9 /* ExtruderDevice.h */,
				DE7069640F925CAD007572B9 /* GCodeBehavior.cpp */,
				DE7069650F925CAD007572B9 /* GCodeBehavior.h */,
				DE7069660F925CAD007572B9 /* gpl-3.0.txt */,
				DE7069670F925CAD007572B9 /* HeaterDevice.cpp */,
				DE7069680F925CAD007572B9 /* HeaterDevice.h */,
				DE7069690F925CAD007572B9 /* LinearActuator.cpp */,
				DE70696A0F925CAD007572B9 /* LinearActuator.h */,
				DE70696B0F925CAD007572B9 /* OpticalInterrupt.cpp */,
				DE70696C0F925CAD007572B9 /* OpticalInterrupt.h */,
				DE70696D0F925CAD007572B9 /* StepperDevice.cpp */,
				DE70696E0F925CAD007572B9 /* StepperDevice.h */,
				DE70696F0F925CAD007572B9 /* ThermisterDevice.cpp */,
				DE7069700F925CAD007572B9 /* ThermisterDevice.h */,
				DE7069500F925BA0007572B9 /* wiringEmulator.cpp */,
				DE7069510F925BA0007572B9 /* WProgram.h */,
				DE1526B90E82219400EBBB94 /* Collections.cpp */,
				DE1526BA0E82219400EBBB94 /* Collections.h */,
				DE1526BC0E82219400EBBB94 /* EventLoop.h */,
				DE1526BD0E82219400EBBB94 /* EventLoop.cpp */,
				DE70695A0F925C37007572B9 /* main.cpp */,
				DEA4F70F0EAA594900AE4546 /* Observable.h */,
				DEA4F7100EAA594900AE4546 /* Observable.cpp */,
			);
			name = Source;
			sourceTree = "<group>";
		};
		1AB674ADFE9D54B511CA2CBB /* Products */ = {
			isa = PBXGroup;
			children = (
				8DD76FB20486AB0100D96B5E /* FirmwareRefactorPrep */,
			);
			name = Products;
			sourceTree = "<group>";
		};
		C6A0FF2B0290797F04C91782 /* Documentation */ = {
			isa = PBXGroup;
			children = (
				C6A0FF2C0290799A04C91782 /* FirmwareRefactorPrep.1 */,
			);
			name = Documentation;
			sourceTree = "<group>";
		};
/* End PBXGroup section */

/* Begin PBXNativeTarget section */
		8DD76FA90486AB0100D96B5E /* FirmwareRefactorPrep */ = {
			isa = PBXNativeTarget;
			buildConfigurationList = 1DEB928508733DD80010E9CD /* Build configuration list for PBXNativeTarget "FirmwareRefactorPrep" */;
			buildPhases = (
				8DD76FAB0486AB0100D96B5E /* Sources */,
				8DD76FAD0486AB0100D96B5E /* Frameworks */,
				8DD76FAF0486AB0100D96B5E /* CopyFiles */,
			);
			buildRules = (
			);
			dependencies = (
			);
			name = FirmwareRefactorPrep;
			productInstallPath = "$(HOME)/bin";
			productName = FirmwareRefactorPrep;
			productReference = 8DD76FB20486AB0100D96B5E /* FirmwareRefactorPrep */;
			productType = "com.apple.product-type.tool";
		};
/* End PBXNativeTarget section */

/* Begin PBXProject section */
		08FB7793FE84155DC02AAC07 /* Project object */ = {
			isa = PBXProject;
			buildConfigurationList = 1DEB928908733DD80010E9CD /* Build configuration list for PBXProject "FirmwareRefactorPrep" */;
			compatibilityVersion = "Xcode 3.1";
			hasScannedForEncodings = 1;
			mainGroup = 08FB7794FE84155DC02AAC07 /* FirmwareRefactorPrep */;
			projectDirPath = "";
			projectRoot = "";
			targets = (
				8DD76FA90486AB0100D96B5E /* FirmwareRefactorPrep */,
			);
		};
/* End PBXProject section */

/* Begin PBXSourcesBuildPhase section */
		8DD76FAB0486AB0100D96B5E /* Sources */ = {
			isa = PBXSourcesBuildPhase;
			buildActionMask = 2147483647;
			files = (
				DE1526BE0E82219400EBBB94 /* Collections.cpp in Sources */,
				DE1526C00E82219400EBBB94 /* EventLoop.cpp in Sources */,
				DEA4F7110EAA594900AE4546 /* Observable.cpp in Sources */,
				DE7069520F925BA0007572B9 /* wiringEmulator.cpp in Sources */,
				DE70695B0F925C37007572B9 /* main.cpp in Sources */,
				DE7069710F925CAD007572B9 /* CartesianDevice.cpp in Sources */,
				DE7069720F925CAD007572B9 /* Device.cpp in Sources */,
				DE7069730F925CAD007572B9 /* ExtruderDevice.cpp in Sources */,
				DE7069740F925CAD007572B9 /* GCodeBehavior.cpp in Sources */,
				DE7069750F925CAD007572B9 /* HeaterDevice.cpp in Sources */,
				DE7069760F925CAD007572B9 /* LinearActuator.cpp in Sources */,
				DE7069770F925CAD007572B9 /* OpticalInterrupt.cpp in Sources */,
				DE7069780F925CAD007572B9 /* StepperDevice.cpp in Sources */,
				DE7069790F925CAD007572B9 /* ThermisterDevice.cpp in Sources */,
			);
			runOnlyForDeploymentPostprocessing = 0;
		};
/* End PBXSourcesBuildPhase section */

/* Begin XCBuildConfiguration section */
		1DEB928608733DD80010E9CD /* Debug */ = {
			isa = XCBuildConfiguration;
			buildSettings = {
				ALWAYS_SEARCH_USER_PATHS = NO;
				COPY_PHASE_STRIP = NO;
				GCC_DYNAMIC_NO_PIC = NO;
				GCC_ENABLE_FIX_AND_CONTINUE = YES;
				GCC_MODEL_TUNING = G5;
				GCC_OPTIMIZATION_LEVEL = 0;
				INSTALL_PATH = /usr/local/bin;
				PRODUCT_NAME = FirmwareRefactorPrep;
			};
			name = Debug;
		};
		1DEB928708733DD80010E9CD /* Release */ = {
			isa = XCBuildConfiguration;
			buildSettings = {
				ALWAYS_SEARCH_USER_PATHS = NO;
				DEBUG_INFORMATION_FORMAT = "dwarf-with-dsym";
				GCC_MODEL_TUNING = G5;
				INSTALL_PATH = /usr/local/bin;
				PRODUCT_NAME = FirmwareRefactorPrep;
			};
			name = Release;
		};
		1DEB928A08733DD80010E9CD /* Debug */ = {
			isa = XCBuildConfiguration;
			buildSettings = {
				ARCHS = "$(ARCHS_STANDARD_32_BIT)";
				GCC_C_LANGUAGE_STANDARD = c99;
				GCC_OPTIMIZATION_LEVEL = 0;
				GCC_WARN_ABOUT_RETURN_TYPE = YES;
				GCC_WARN_UNUSED_VARIABLE = YES;
				ONLY_ACTIVE_ARCH = YES;
				PREBINDING = NO;
				SDKROOT = macosx10.5;
			};
			name = Debug;
		};
		1DEB928B08733DD80010E9CD /* Release */ = {
			isa = XCBuildConfiguration;
			buildSettings = {
				ARCHS = "$(ARCHS_STANDARD_32_BIT)";
				GCC_C_LANGUAGE_STANDARD = c99;
				GCC_WARN_ABOUT_RETURN_TYPE = YES;
				GCC_WARN_UNUSED_VARIABLE = YES;
				PREBINDING = NO;
				SDKROOT = macosx10.5;
			};
			name = Release;
		};
/* End XCBuildConfiguration section */

/* Begin XCConfigurationList section */
		1DEB928508733DD80010E9CD /* Build configuration list for PBXNativeTarget "FirmwareRefactorPrep" */ = {
			isa = XCConfigurationList;
			buildConfigurations = (
				1DEB928608733DD80010E9CD /* Debug */,
				1DEB928708733DD80010E9CD /* Release */,
			);
			defaultConfigurationIsVisible = 0;
			defaultConfigurationName = Release;
		};
		1DEB928908733DD80010E9CD /* Build configuration list for PBXProject "FirmwareRefactorPrep" */ = {
			isa = XCConfigurationList;
			buildConfigurations = (
				1DEB928A08733DD80010E9CD /* Debug */,
				1DEB928B08733DD80010E9CD /* Release */,
			);
			defaultConfigurationIsVisible = 0;
			defaultConfigurationName = Release;
		};
/* End XCConfigurationList section */
	};
	rootObject = 08FB7793FE84155DC02AAC07 /* Project object */;
}
